GEM
  remote: https://rubygems.org/
  specs:
    CFPropertyList (2.3.3)
    activesupport (5.0.0.1)
      concurrent-ruby (~> 1.0, >= 1.0.2)
      i18n (~> 0.7)
      minitest (~> 5.1)
      tzinfo (~> 1.1)
    claide (1.0.1)
    colored (1.2)
    concurrent-ruby (1.0.2)
    i18n (0.7.0)
    ib (1.0.1)
      thor (~> 0.19.1)
      tilt (~> 2.0.3)
      xcodeproj (~> 1.0)
    minitest (5.9.1)
    nanaimo (0.2.2)
    rake (11.3.0)
    thor (0.19.1)
    thread_safe (0.3.5)
    tilt (2.0.5)
    tzinfo (1.2.2)
      thread_safe (~> 0.1)
    xcodeproj (1.4.1)
      CFPropertyList (~> 2.3.3)
      activesupport (>= 3)
      claide (>= 1.0.1, < 2.0)
      colored (~> 1.2)
      nanaimo (~> 0.2.0)

PLATFORMS
  ruby

DEPENDENCIES
  ib (>= 0.7.0)
  rake

BUNDLED WITH
   1.13.1
